
Microsoft Visual Studio Solution File, Format Version 12.00
# Visual Studio 15
Project("{FAE04EC0-301F-11D3-BF4B-00C04F79EFBC}") = "Assembly-CSharp", "Assembly-CSharp.csproj", "{C4D48F30-99A6-6F58-2612-B66B712F678B}"
EndProject
Project("{FAE04EC0-301F-11D3-BF4B-00C04F79EFBC}") = "AstarPathfindingProject", "AstarPathfindingProject.csproj", "{B32D46D8-FBF7-E9B5-5100-5DC746505CD5}"
EndProject
Project("{FAE04EC0-301F-11D3-BF4B-00C04F79EFBC}") = "AstarPathfindingProjectEditor", "AstarPathfindingProjectEditor.csproj", "{F61E5101-4DE7-BBBD-D67B-9DA82CC5EB7D}"
EndProject
Project("{FAE04EC0-301F-11D3-BF4B-00C04F79EFBC}") = "Assembly-CSharp-Editor", "Assembly-CSharp-Editor.csproj", "{89C1EA1C-8396-1843-71E0-BE43066124BD}"
EndProject
Project("{FAE04EC0-301F-11D3-BF4B-00C04F79EFBC}") = "PackageToolsEditor", "PackageToolsEditor.csproj", "{0BCA4C18-1787-945C-858B-0F47CCB3712D}"
EndProject
Global
	GlobalSection(SolutionConfigurationPlatforms) = preSolution
		Debug|Any CPU = Debug|Any CPU
		Release|Any CPU = Release|Any CPU
	EndGlobalSection
	GlobalSection(ProjectConfigurationPlatforms) = postSolution
		{C4D48F30-99A6-6F58-2612-B66B712F678B}.Debug|Any CPU.ActiveCfg = Debug|Any CPU
		{C4D48F30-99A6-6F58-2612-B66B712F678B}.Debug|Any CPU.Build.0 = Debug|Any CPU
		{C4D48F30-99A6-6F58-2612-B66B712F678B}.Release|Any CPU.ActiveCfg = Release|Any CPU
		{C4D48F30-99A6-6F58-2612-B66B712F678B}.Release|Any CPU.Build.0 = Release|Any CPU
		{B32D46D8-FBF7-E9B5-5100-5DC746505CD5}.Debug|Any CPU.ActiveCfg = Debug|Any CPU
		{B32D46D8-FBF7-E9B5-5100-5DC746505CD5}.Debug|Any CPU.Build.0 = Debug|Any CPU
		{B32D46D8-FBF7-E9B5-5100-5DC746505CD5}.Release|Any CPU.ActiveCfg = Release|Any CPU
		{B32D46D8-FBF7-E9B5-5100-5DC746505CD5}.Release|Any CPU.Build.0 = Release|Any CPU
		{F61E5101-4DE7-BBBD-D67B-9DA82CC5EB7D}.Debug|Any CPU.ActiveCfg = Debug|Any CPU
		{F61E5101-4DE7-BBBD-D67B-9DA82CC5EB7D}.Debug|Any CPU.Build.0 = Debug|Any CPU
		{F61E5101-4DE7-BBBD-D67B-9DA82CC5EB7D}.Release|Any CPU.ActiveCfg = Release|Any CPU
		{F61E5101-4DE7-BBBD-D67B-9DA82CC5EB7D}.Release|Any CPU.Build.0 = Release|Any CPU
		{89C1EA1C-8396-1843-71E0-BE43066124BD}.Debug|Any CPU.ActiveCfg = Debug|Any CPU
		{89C1EA1C-8396-1843-71E0-BE43066124BD}.Debug|Any CPU.Build.0 = Debug|Any CPU
		{89C1EA1C-8396-1843-71E0-BE43066124BD}.Release|Any CPU.ActiveCfg = Release|Any CPU
		{89C1EA1C-8396-1843-71E0-BE43066124BD}.Release|Any CPU.Build.0 = Release|Any CPU
		{0BCA4C18-1787-945C-858B-0F47CCB3712D}.Debug|Any CPU.ActiveCfg = Debug|Any CPU
		{0BCA4C18-1787-945C-858B-0F47CCB3712D}.Debug|Any CPU.Build.0 = Debug|Any CPU
		{0BCA4C18-1787-945C-858B-0F47CCB3712D}.Release|Any CPU.ActiveCfg = Release|Any CPU
		{0BCA4C18-1787-945C-858B-0F47CCB3712D}.Release|Any CPU.Build.0 = Release|Any CPU
	EndGlobalSection
	GlobalSection(SolutionProperties) = preSolution
		HideSolutionNode = FALSE
	EndGlobalSection
EndGlobal
